
Microsoft Visual Studio Solution File, Format Version 12.00
# Visual Studio Version 16
VisualStudioVersion = 16.0.31624.102
MinimumVisualStudioVersion = 10.0.40219.1
Project("{FAE04EC0-301F-11D3-BF4B-00C04F79EFBC}") = "Hangman", "Hangman.csproj", "{A287CB4C-109A-4FA1-884C-1DAF1A37F1B3}"
EndProject
Global
	GlobalSection(SolutionConfigurationPlatforms) = preSolution
		Debug|Any CPU = Debug|Any CPU
		Release|Any CPU = Release|Any CPU
	EndGlobalSection
	GlobalSection(ProjectConfigurationPlatforms) = postSolution
		{A287CB4C-109A-4FA1-884C-1DAF1A37F1B3}.Debug|Any CPU.ActiveCfg = Debug|Any CPU
		{A287CB4C-109A-4FA1-884C-1DAF1A37F1B3}.Debug|Any CPU.Build.0 = Debug|Any CPU
		{A287CB4C-109A-4FA1-884C-1DAF1A37F1B3}.Release|Any CPU.ActiveCfg = Release|Any CPU
		{A287CB4C-109A-4FA1-884C-1DAF1A37F1B3}.Release|Any CPU.Build.0 = Release|Any CPU
	EndGlobalSection
	GlobalSection(SolutionProperties) = preSolution
		HideSolutionNode = FALSE
	EndGlobalSection
	GlobalSection(ExtensibilityGlobals) = postSolution
		SolutionGuid = {974E4887-A76D-4B92-A548-DEE8C818261E}
	EndGlobalSection
EndGlobal
